// !$*UTF8*$!
{
	archiveVersion = 1;
	classes = {
	};
	objectVersion = 50;
	objects = {

/* Begin PBXBuildFile section */
		04D266F42640602C0028BDFA /* GalleryHorisontalView.swift in Sources */ = {isa = PBXBuildFile; fileRef = 04D266F32640602C0028BDFA /* GalleryHorisontalView.swift */; };
		04D266F72640608F0028BDFA /* GalleryHorisontalView.xib in Resources */ = {isa = PBXBuildFile; fileRef = 04D266F62640608F0028BDFA /* GalleryHorisontalView.xib */; };
		04D266FA264061C20028BDFA /* galleryController.swift in Sources */ = {isa = PBXBuildFile; fileRef = 04D266F9264061C20028BDFA /* galleryController.swift */; };
		8F8808A12627582E00A5C2BC /* Group.swift in Sources */ = {isa = PBXBuildFile; fileRef = 8F8808A02627582E00A5C2BC /* Group.swift */; };
		8F8808A4262758D400A5C2BC /* DataStorage.swift in Sources */ = {isa = PBXBuildFile; fileRef = 8F8808A3262758D400A5C2BC /* DataStorage.swift */; };
		8F8808A826275D7300A5C2BC /* UniversalTableViewCell.swift in Sources */ = {isa = PBXBuildFile; fileRef = 8F8808A626275D7300A5C2BC /* UniversalTableViewCell.swift */; };
		8F8808A926275D7400A5C2BC /* UniversalTableViewCell.xib in Resources */ = {isa = PBXBuildFile; fileRef = 8F8808A726275D7300A5C2BC /* UniversalTableViewCell.xib */; };
		8F8808AC2627636300A5C2BC /* FotoCollectionViewController.swift in Sources */ = {isa = PBXBuildFile; fileRef = 8F8808AB2627636300A5C2BC /* FotoCollectionViewController.swift */; };
		8F8808B0262763A300A5C2BC /* FotoCollectionViewCell.swift in Sources */ = {isa = PBXBuildFile; fileRef = 8F8808AE262763A300A5C2BC /* FotoCollectionViewCell.swift */; };
		8F8808B1262763A300A5C2BC /* FotoCollectionViewCell.xib in Resources */ = {isa = PBXBuildFile; fileRef = 8F8808AF262763A300A5C2BC /* FotoCollectionViewCell.xib */; };
		8F8808B42627695E00A5C2BC /* MyGroupTableViewController.swift in Sources */ = {isa = PBXBuildFile; fileRef = 8F8808B32627695E00A5C2BC /* MyGroupTableViewController.swift */; };
		8F8808B726276AF100A5C2BC /* AllGroupTableViewController.swift in Sources */ = {isa = PBXBuildFile; fileRef = 8F8808B626276AF100A5C2BC /* AllGroupTableViewController.swift */; };
		8FB1CDAD261F8EFA00510121 /* User.swift in Sources */ = {isa = PBXBuildFile; fileRef = 8FB1CDAC261F8EFA00510121 /* User.swift */; };
		8FB1CDB7261F92D300510121 /* UsersTableViewController.swift in Sources */ = {isa = PBXBuildFile; fileRef = 8FB1CDB6261F92D300510121 /* UsersTableViewController.swift */; };
		8FE911E9261651200037F568 /* AppDelegate.swift in Sources */ = {isa = PBXBuildFile; fileRef = 8FE911E8261651200037F568 /* AppDelegate.swift */; };
		8FE911EB261651200037F568 /* SceneDelegate.swift in Sources */ = {isa = PBXBuildFile; fileRef = 8FE911EA261651200037F568 /* SceneDelegate.swift */; };
		8FE911ED261651200037F568 /* ViewController.swift in Sources */ = {isa = PBXBuildFile; fileRef = 8FE911EC261651200037F568 /* ViewController.swift */; };
		8FE911F0261651200037F568 /* Main.storyboard in Resources */ = {isa = PBXBuildFile; fileRef = 8FE911EE261651200037F568 /* Main.storyboard */; };
		8FE911F2261651240037F568 /* Assets.xcassets in Resources */ = {isa = PBXBuildFile; fileRef = 8FE911F1261651240037F568 /* Assets.xcassets */; };
		8FE911F5261651240037F568 /* LaunchScreen.storyboard in Resources */ = {isa = PBXBuildFile; fileRef = 8FE911F3261651240037F568 /* LaunchScreen.storyboard */; };
/* End PBXBuildFile section */

/* Begin PBXFileReference section */
		04D266F32640602C0028BDFA /* GalleryHorisontalView.swift */ = {isa = PBXFileReference; fileEncoding = 4; lastKnownFileType = sourcecode.swift; path = GalleryHorisontalView.swift; sourceTree = "<group>"; };
		04D266F62640608F0028BDFA /* GalleryHorisontalView.xib */ = {isa = PBXFileReference; fileEncoding = 4; lastKnownFileType = file.xib; path = GalleryHorisontalView.xib; sourceTree = "<group>"; };
		04D266F9264061C20028BDFA /* galleryController.swift */ = {isa = PBXFileReference; lastKnownFileType = sourcecode.swift; path = galleryController.swift; sourceTree = "<group>"; };
		8F8808A02627582E00A5C2BC /* Group.swift */ = {isa = PBXFileReference; lastKnownFileType = sourcecode.swift; path = Group.swift; sourceTree = "<group>"; };
		8F8808A3262758D400A5C2BC /* DataStorage.swift */ = {isa = PBXFileReference; lastKnownFileType = sourcecode.swift; path = DataStorage.swift; sourceTree = "<group>"; };
		8F8808A626275D7300A5C2BC /* UniversalTableViewCell.swift */ = {isa = PBXFileReference; lastKnownFileType = sourcecode.swift; path = UniversalTableViewCell.swift; sourceTree = "<group>"; };
		8F8808A726275D7300A5C2BC /* UniversalTableViewCell.xib */ = {isa = PBXFileReference; lastKnownFileType = file.xib; path = UniversalTableViewCell.xib; sourceTree = "<group>"; };
		8F8808AB2627636300A5C2BC /* FotoCollectionViewController.swift */ = {isa = PBXFileReference; lastKnownFileType = sourcecode.swift; path = FotoCollectionViewController.swift; sourceTree = "<group>"; };
		8F8808AE262763A300A5C2BC /* FotoCollectionViewCell.swift */ = {isa = PBXFileReference; lastKnownFileType = sourcecode.swift; path = FotoCollectionViewCell.swift; sourceTree = "<group>"; };
		8F8808AF262763A300A5C2BC /* FotoCollectionViewCell.xib */ = {isa = PBXFileReference; lastKnownFileType = file.xib; path = FotoCollectionViewCell.xib; sourceTree = "<group>"; };
		8F8808B32627695E00A5C2BC /* MyGroupTableViewController.swift */ = {isa = PBXFileReference; lastKnownFileType = sourcecode.swift; path = MyGroupTableViewController.swift; sourceTree = "<group>"; };
		8F8808B626276AF100A5C2BC /* AllGroupTableViewController.swift */ = {isa = PBXFileReference; lastKnownFileType = sourcecode.swift; path = AllGroupTableViewController.swift; sourceTree = "<group>"; };
		8FB1CDAC261F8EFA00510121 /* User.swift */ = {isa = PBXFileReference; lastKnownFileType = sourcecode.swift; path = User.swift; sourceTree = "<group>"; };
		8FB1CDB6261F92D300510121 /* UsersTableViewController.swift */ = {isa = PBXFileReference; lastKnownFileType = sourcecode.swift; path = UsersTableViewController.swift; sourceTree = "<group>"; };
		8FE911E5261651200037F568 /* openWeatherMap.app */ = {isa = PBXFileReference; explicitFileType = wrapper.application; includeInIndex = 0; path = openWeatherMap.app; sourceTree = BUILT_PRODUCTS_DIR; };
		8FE911E8261651200037F568 /* AppDelegate.swift */ = {isa = PBXFileReference; lastKnownFileType = sourcecode.swift; path = AppDelegate.swift; sourceTree = "<group>"; };
		8FE911EA261651200037F568 /* SceneDelegate.swift */ = {isa = PBXFileReference; lastKnownFileType = sourcecode.swift; path = SceneDelegate.swift; sourceTree = "<group>"; };
		8FE911EC261651200037F568 /* ViewController.swift */ = {isa = PBXFileReference; lastKnownFileType = sourcecode.swift; path = ViewController.swift; sourceTree = "<group>"; };
		8FE911EF261651200037F568 /* Base */ = {isa = PBXFileReference; lastKnownFileType = file.storyboard; name = Base; path = Base.lproj/Main.storyboard; sourceTree = "<group>"; };
		8FE911F1261651240037F568 /* Assets.xcassets */ = {isa = PBXFileReference; lastKnownFileType = folder.assetcatalog; path = Assets.xcassets; sourceTree = "<group>"; };
		8FE911F4261651240037F568 /* Base */ = {isa = PBXFileReference; lastKnownFileType = file.storyboard; name = Base; path = Base.lproj/LaunchScreen.storyboard; sourceTree = "<group>"; };
		8FE911F6261651240037F568 /* Info.plist */ = {isa = PBXFileReference; lastKnownFileType = text.plist.xml; path = Info.plist; sourceTree = "<group>"; };
/* End PBXFileReference section */

/* Begin PBXFrameworksBuildPhase section */
		8FE911E2261651200037F568 /* Frameworks */ = {
			isa = PBXFrameworksBuildPhase;
			buildActionMask = 2147483647;
			files = (
			);
			runOnlyForDeploymentPostprocessing = 0;
		};
/* End PBXFrameworksBuildPhase section */

/* Begin PBXGroup section */
		8FB1CDAB261F8ED600510121 /* Model */ = {
			isa = PBXGroup;
			children = (
				8FB1CDAC261F8EFA00510121 /* User.swift */,
				8F8808A02627582E00A5C2BC /* Group.swift */,
				8F8808A3262758D400A5C2BC /* DataStorage.swift */,
			);
			path = Model;
			sourceTree = "<group>";
		};
		8FE911DC261651200037F568 = {
			isa = PBXGroup;
			children = (
				8FE911E7261651200037F568 /* openWeatherMap */,
				8FE911E6261651200037F568 /* Products */,
			);
			sourceTree = "<group>";
		};
		8FE911E6261651200037F568 /* Products */ = {
			isa = PBXGroup;
			children = (
				8FE911E5261651200037F568 /* openWeatherMap.app */,
			);
			name = Products;
			sourceTree = "<group>";
		};
		8FE911E7261651200037F568 /* openWeatherMap */ = {
			isa = PBXGroup;
			children = (
				8FE911E8261651200037F568 /* AppDelegate.swift */,
				8FB1CDAB261F8ED600510121 /* Model */,
				8FE911EA261651200037F568 /* SceneDelegate.swift */,
				04D266F62640608F0028BDFA /* GalleryHorisontalView.xib */,
				04D266F32640602C0028BDFA /* GalleryHorisontalView.swift */,
				8FE911EC261651200037F568 /* ViewController.swift */,
				8FE911EE261651200037F568 /* Main.storyboard */,
				8F8808B32627695E00A5C2BC /* MyGroupTableViewController.swift */,
				8FB1CDB6261F92D300510121 /* UsersTableViewController.swift */,
				8F8808B626276AF100A5C2BC /* AllGroupTableViewController.swift */,
				8F8808AB2627636300A5C2BC /* FotoCollectionViewController.swift */,
				8F8808AE262763A300A5C2BC /* FotoCollectionViewCell.swift */,
				8F8808AF262763A300A5C2BC /* FotoCollectionViewCell.xib */,
				8F8808A626275D7300A5C2BC /* UniversalTableViewCell.swift */,
				8F8808A726275D7300A5C2BC /* UniversalTableViewCell.xib */,
				8FE911F1261651240037F568 /* Assets.xcassets */,
				8FE911F3261651240037F568 /* LaunchScreen.storyboard */,
				8FE911F6261651240037F568 /* Info.plist */,
				04D266F9264061C20028BDFA /* galleryController.swift */,
			);
			path = openWeatherMap;
			sourceTree = "<group>";
		};
/* End PBXGroup section */

/* Begin PBXNativeTarget section */
		8FE911E4261651200037F568 /* openWeatherMap */ = {
			isa = PBXNativeTarget;
			buildConfigurationList = 8FE911F9261651240037F568 /* Build configuration list for PBXNativeTarget "openWeatherMap" */;
			buildPhases = (
				8FE911E1261651200037F568 /* Sources */,
				8FE911E2261651200037F568 /* Frameworks */,
				8FE911E3261651200037F568 /* Resources */,
			);
			buildRules = (
			);
			dependencies = (
			);
			name = openWeatherMap;
			productName = openWeatherMap;
			productReference = 8FE911E5261651200037F568 /* openWeatherMap.app */;
			productType = "com.apple.product-type.application";
		};
/* End PBXNativeTarget section */

/* Begin PBXProject section */
		8FE911DD261651200037F568 /* Project object */ = {
			isa = PBXProject;
			attributes = {
				LastSwiftUpdateCheck = 1240;
				LastUpgradeCheck = 1240;
				TargetAttributes = {
					8FE911E4261651200037F568 = {
						CreatedOnToolsVersion = 12.4;
					};
				};
			};
			buildConfigurationList = 8FE911E0261651200037F568 /* Build configuration list for PBXProject "openWeatherMap" */;
			compatibilityVersion = "Xcode 9.3";
			developmentRegion = en;
			hasScannedForEncodings = 0;
			knownRegions = (
				en,
				Base,
			);
			mainGroup = 8FE911DC261651200037F568;
			productRefGroup = 8FE911E6261651200037F568 /* Products */;
			projectDirPath = "";
			projectRoot = "";
			targets = (
				8FE911E4261651200037F568 /* openWeatherMap */,
			);
		};
/* End PBXProject section */

/* Begin PBXResourcesBuildPhase section */
		8FE911E3261651200037F568 /* Resources */ = {
			isa = PBXResourcesBuildPhase;
			buildActionMask = 2147483647;
			files = (
				8FE911F5261651240037F568 /* LaunchScreen.storyboard in Resources */,
				8FE911F2261651240037F568 /* Assets.xcassets in Resources */,
				04D266F72640608F0028BDFA /* GalleryHorisontalView.xib in Resources */,
				8FE911F0261651200037F568 /* Main.storyboard in Resources */,
				8F8808B1262763A300A5C2BC /* FotoCollectionViewCell.xib in Resources */,
				8F8808A926275D7400A5C2BC /* UniversalTableViewCell.xib in Resources */,
			);
			runOnlyForDeploymentPostprocessing = 0;
		};
/* End PBXResourcesBuildPhase section */

/* Begin PBXSourcesBuildPhase section */
		8FE911E1261651200037F568 /* Sources */ = {
			isa = PBXSourcesBuildPhase;
			buildActionMask = 2147483647;
			files = (
				8F8808A12627582E00A5C2BC /* Group.swift in Sources */,
				8F8808B0262763A300A5C2BC /* FotoCollectionViewCell.swift in Sources */,
				8FB1CDAD261F8EFA00510121 /* User.swift in Sources */,
				8FE911ED261651200037F568 /* ViewController.swift in Sources */,
				04D266FA264061C20028BDFA /* galleryController.swift in Sources */,
				8F8808A4262758D400A5C2BC /* DataStorage.swift in Sources */,
				8F8808B726276AF100A5C2BC /* AllGroupTableViewController.swift in Sources */,
				8FB1CDB7261F92D300510121 /* UsersTableViewController.swift in Sources */,
				04D266F42640602C0028BDFA /* GalleryHorisontalView.swift in Sources */,
				8F8808B42627695E00A5C2BC /* MyGroupTableViewController.swift in Sources */,
				8F8808AC2627636300A5C2BC /* FotoCollectionViewController.swift in Sources */,
				8FE911E9261651200037F568 /* AppDelegate.swift in Sources */,
				8FE911EB261651200037F568 /* SceneDelegate.swift in Sources */,
				8F8808A826275D7300A5C2BC /* UniversalTableViewCell.swift in Sources */,
			);
			runOnlyForDeploymentPostprocessing = 0;
		};
/* End PBXSourcesBuildPhase section */

/* Begin PBXVariantGroup section */
		8FE911EE261651200037F568 /* Main.storyboard */ = {
			isa = PBXVariantGroup;
			children = (
				8FE911EF261651200037F568 /* Base */,
			);
			name = Main.storyboard;
			sourceTree = "<group>";
		};
		8FE911F3261651240037F568 /* LaunchScreen.storyboard */ = {
			isa = PBXVariantGroup;
			children = (
				8FE911F4261651240037F568 /* Base */,
			);
			name = LaunchScreen.storyboard;
			sourceTree = "<group>";
		};
/* End PBXVariantGroup section */

/* Begin XCBuildConfiguration section */
		8FE911F7261651240037F568 /* Debug */ = {
			isa = XCBuildConfiguration;
			buildSettings = {
				ALWAYS_SEARCH_USER_PATHS = NO;
				CLANG_ANALYZER_NONNULL = YES;
				CLANG_ANALYZER_NUMBER_OBJECT_CONVERSION = YES_AGGRESSIVE;
				CLANG_CXX_LANGUAGE_STANDARD = "gnu++14";
				CLANG_CXX_LIBRARY = "libc++";
				CLANG_ENABLE_MODULES = YES;
				CLANG_ENABLE_OBJC_ARC = YES;
				CLANG_ENABLE_OBJC_WEAK = YES;
				CLANG_WARN_BLOCK_CAPTURE_AUTORELEASING = YES;
				CLANG_WARN_BOOL_CONVERSION = YES;
				CLANG_WARN_COMMA = YES;
				CLANG_WARN_CONSTANT_CONVERSION = YES;
				CLANG_WARN_DEPRECATED_OBJC_IMPLEMENTATIONS = YES;
				CLANG_WARN_DIRECT_OBJC_ISA_USAGE = YES_ERROR;
				CLANG_WARN_DOCUMENTATION_COMMENTS = YES;
				CLANG_WARN_EMPTY_BODY = YES;
				CLANG_WARN_ENUM_CONVERSION = YES;
				CLANG_WARN_INFINITE_RECURSION = YES;
				CLANG_WARN_INT_CONVERSION = YES;
				CLANG_WARN_NON_LITERAL_NULL_CONVERSION = YES;
				CLANG_WARN_OBJC_IMPLICIT_RETAIN_SELF = YES;
				CLANG_WARN_OBJC_LITERAL_CONVERSION = YES;
				CLANG_WARN_OBJC_ROOT_CLASS = YES_ERROR;
				CLANG_WARN_QUOTED_INCLUDE_IN_FRAMEWORK_HEADER = YES;
				CLANG_WARN_RANGE_LOOP_ANALYSIS = YES;
				CLANG_WARN_STRICT_PROTOTYPES = YES;
				CLANG_WARN_SUSPICIOUS_MOVE = YES;
				CLANG_WARN_UNGUARDED_AVAILABILITY = YES_AGGRESSIVE;
				CLANG_WARN_UNREACHABLE_CODE = YES;
				CLANG_WARN__DUPLICATE_METHOD_MATCH = YES;
				COPY_PHASE_STRIP = NO;
				DEBUG_INFORMATION_FORMAT = dwarf;
				ENABLE_STRICT_OBJC_MSGSEND = YES;
				ENABLE_TESTABILITY = YES;
				GCC_C_LANGUAGE_STANDARD = gnu11;
				GCC_DYNAMIC_NO_PIC = NO;
				GCC_NO_COMMON_BLOCKS = YES;
				GCC_OPTIMIZATION_LEVEL = 0;
				GCC_PREPROCESSOR_DEFINITIONS = (
					"DEBUG=1",
					"$(inherited)",
				);
				GCC_WARN_64_TO_32_BIT_CONVERSION = YES;
				GCC_WARN_ABOUT_RETURN_TYPE = YES_ERROR;
				GCC_WARN_UNDECLARED_SELECTOR = YES;
				GCC_WARN_UNINITIALIZED_AUTOS = YES_AGGRESSIVE;
				GCC_WARN_UNUSED_FUNCTION = YES;
				GCC_WARN_UNUSED_VARIABLE = YES;
				IPHONEOS_DEPLOYMENT_TARGET = 14.4;
				MTL_ENABLE_DEBUG_INFO = INCLUDE_SOURCE;
				MTL_FAST_MATH = YES;
				ONLY_ACTIVE_ARCH = YES;
				SDKROOT = iphoneos;
				SWIFT_ACTIVE_COMPILATION_CONDITIONS = DEBUG;
				SWIFT_OPTIMIZATION_LEVEL = "-Onone";
			};
			name = Debug;
		};
		8FE911F8261651240037F568 /* Release */ = {
			isa = XCBuildConfiguration;
			buildSettings = {
				ALWAYS_SEARCH_USER_PATHS = NO;
				CLANG_ANALYZER_NONNULL = YES;
				CLANG_ANALYZER_NUMBER_OBJECT_CONVERSION = YES_AGGRESSIVE;
				CLANG_CXX_LANGUAGE_STANDARD = "gnu++14";
				CLANG_CXX_LIBRARY = "libc++";
				CLANG_ENABLE_MODULES = YES;
				CLANG_ENABLE_OBJC_ARC = YES;
				CLANG_ENABLE_OBJC_WEAK = YES;
				CLANG_WARN_BLOCK_CAPTURE_AUTORELEASING = YES;
				CLANG_WARN_BOOL_CONVERSION = YES;
				CLANG_WARN_COMMA = YES;
				CLANG_WARN_CONSTANT_CONVERSION = YES;
				CLANG_WARN_DEPRECATED_OBJC_IMPLEMENTATIONS = YES;
				CLANG_WARN_DIRECT_OBJC_ISA_USAGE = YES_ERROR;
				CLANG_WARN_DOCUMENTATION_COMMENTS = YES;
				CLANG_WARN_EMPTY_BODY = YES;
				CLANG_WARN_ENUM_CONVERSION = YES;
				CLANG_WARN_INFINITE_RECURSION = YES;
				CLANG_WARN_INT_CONVERSION = YES;
				CLANG_WARN_NON_LITERAL_NULL_CONVERSION = YES;
				CLANG_WARN_OBJC_IMPLICIT_RETAIN_SELF = YES;
				CLANG_WARN_OBJC_LITERAL_CONVERSION = YES;
				CLANG_WARN_OBJC_ROOT_CLASS = YES_ERROR;
				CLANG_WARN_QUOTED_INCLUDE_IN_FRAMEWORK_HEADER = YES;
				CLANG_WARN_RANGE_LOOP_ANALYSIS = YES;
				CLANG_WARN_STRICT_PROTOTYPES = YES;
				CLANG_WARN_SUSPICIOUS_MOVE = YES;
				CLANG_WARN_UNGUARDED_AVAILABILITY = YES_AGGRESSIVE;
				CLANG_WARN_UNREACHABLE_CODE = YES;
				CLANG_WARN__DUPLICATE_METHOD_MATCH = YES;
				COPY_PHASE_STRIP = NO;
				DEBUG_INFORMATION_FORMAT = "dwarf-with-dsym";
				ENABLE_NS_ASSERTIONS = NO;
				ENABLE_STRICT_OBJC_MSGSEND = YES;
				GCC_C_LANGUAGE_STANDARD = gnu11;
				GCC_NO_COMMON_BLOCKS = YES;
				GCC_WARN_64_TO_32_BIT_CONVERSION = YES;
				GCC_WARN_ABOUT_RETURN_TYPE = YES_ERROR;
				GCC_WARN_UNDECLARED_SELECTOR = YES;
				GCC_WARN_UNINITIALIZED_AUTOS = YES_AGGRESSIVE;
				GCC_WARN_UNUSED_FUNCTION = YES;
				GCC_WARN_UNUSED_VARIABLE = YES;
				IPHONEOS_DEPLOYMENT_TARGET = 14.4;
				MTL_ENABLE_DEBUG_INFO = NO;
				MTL_FAST_MATH = YES;
				SDKROOT = iphoneos;
				SWIFT_COMPILATION_MODE = wholemodule;
				SWIFT_OPTIMIZATION_LEVEL = "-O";
				VALIDATE_PRODUCT = YES;
			};
			name = Release;
		};
		8FE911FA261651240037F568 /* Debug */ = {
			isa = XCBuildConfiguration;
			buildSettings = {
				ASSETCATALOG_COMPILER_APPICON_NAME = AppIcon;
				ASSETCATALOG_COMPILER_GLOBAL_ACCENT_COLOR_NAME = AccentColor;
				CODE_SIGN_STYLE = Automatic;
				DEVELOPMENT_TEAM = F7VPDNN42Y;
				INFOPLIST_FILE = openWeatherMap/Info.plist;
				LD_RUNPATH_SEARCH_PATHS = (
					"$(inherited)",
					"@executable_path/Frameworks",
				);
				PRODUCT_BUNDLE_IDENTIFIER = MoRSStudio.openWeatherMap;
				PRODUCT_NAME = "$(TARGET_NAME)";
				SWIFT_VERSION = 5.0;
				TARGETED_DEVICE_FAMILY = "1,2";
			};
			name = Debug;
		};
		8FE911FB261651240037F568 /* Release */ = {
			isa = XCBuildConfiguration;
			buildSettings = {
				ASSETCATALOG_COMPILER_APPICON_NAME = AppIcon;
				ASSETCATALOG_COMPILER_GLOBAL_ACCENT_COLOR_NAME = AccentColor;
				CODE_SIGN_STYLE = Automatic;
				DEVELOPMENT_TEAM = F7VPDNN42Y;
				INFOPLIST_FILE = openWeatherMap/Info.plist;
				LD_RUNPATH_SEARCH_PATHS = (
					"$(inherited)",
					"@executable_path/Frameworks",
				);
				PRODUCT_BUNDLE_IDENTIFIER = MoRSStudio.openWeatherMap;
				PRODUCT_NAME = "$(TARGET_NAME)";
				SWIFT_VERSION = 5.0;
				TARGETED_DEVICE_FAMILY = "1,2";
			};
			name = Release;
		};
/* End XCBuildConfiguration section */

/* Begin XCConfigurationList section */
		8FE911E0261651200037F568 /* Build configuration list for PBXProject "openWeatherMap" */ = {
			isa = XCConfigurationList;
			buildConfigurations = (
				8FE911F7261651240037F568 /* Debug */,
				8FE911F8261651240037F568 /* Release */,
			);
			defaultConfigurationIsVisible = 0;
			defaultConfigurationName = Release;
		};
		8FE911F9261651240037F568 /* Build configuration list for PBXNativeTarget "openWeatherMap" */ = {
			isa = XCConfigurationList;
			buildConfigurations = (
				8FE911FA261651240037F568 /* Debug */,
				8FE911FB261651240037F568 /* Release */,
			);
			defaultConfigurationIsVisible = 0;
			defaultConfigurationName = Release;
		};
/* End XCConfigurationList section */
	};
	rootObject = 8FE911DD261651200037F568 /* Project object */;
}
